{
  "requires": true,
  "lockfileVersion": 1,
  "dependencies": {
    "classnames": {
      "version": "2.2.6",
      "resolved": "https://registry.npmjs.org/classnames/-/classnames-2.2.6.tgz",
      "integrity": "sha512-JR/iSQOSt+LQIWwrwEzJ9uk0xfN3mTVYMwt1Ir5mUcSN6pU+V4zQFFaJsclJbPuAUQH+yfWef6tm7l1quW3C8Q=="
    },
    "lodash.debounce": {
      "version": "4.0.8",
      "resolved": "https://registry.npmjs.org/lodash.debounce/-/lodash.debounce-4.0.8.tgz",
      "integrity": "sha1-gteb/zCmfEAF/9XiUVMArZyk168="
    },
    "react-geosuggest": {
      "version": "2.9.0",
      "resolved": "https://registry.npmjs.org/react-geosuggest/-/react-geosuggest-2.9.0.tgz",
      "integrity": "sha512-U9MUYXK+kgC+zL2r8gdfWaCpwmYSzU4w6Auzg5bi4phVWpnPcBCxpdGr1iVL6+nxybw6IzSPJlR+UXahb34PKQ==",
      "requires": {
        "classnames": "^2.2.6",
        "lodash.debounce": "^4.0.6"
      }
    },
    "react-load-script": {
      "version": "0.0.6",
      "resolved": "https://registry.npmjs.org/react-load-script/-/react-load-script-0.0.6.tgz",
      "integrity": "sha512-aRGxDGP9VoLxcsaYvKWIW+LRrMOzz2eEcubTS4NvQPPugjk2VvMhow0wWTkSl7RxookomD1MwcP4l5UStg5ShQ=="
    }
  }
}
